
Microsoft Visual Studio Solution File, Format Version 12.00
# Visual Studio 15
VisualStudioVersion = 15.0.28307.645
MinimumVisualStudioVersion = 10.0.40219.1
Project("{FAE04EC0-301F-11D3-BF4B-00C04F79EFBC}") = "MobileCamoes.Android", "MobileCamoes\MobileCamoes.Android\MobileCamoes.Android.csproj", "{184E1134-1EBD-44BC-84BE-A14799C07B42}"
EndProject
Project("{FAE04EC0-301F-11D3-BF4B-00C04F79EFBC}") = "MobileCamoes.iOS", "MobileCamoes\MobileCamoes.iOS\MobileCamoes.iOS.csproj", "{C7C9D2E9-44F9-44F6-9C0C-9AAAB2B3D249}"
EndProject
Project("{FAE04EC0-301F-11D3-BF4B-00C04F79EFBC}") = "MobileCamoes", "MobileCamoes\MobileCamoes\MobileCamoes.csproj", "{BBAA6F92-7688-439E-91D2-149C2499F008}"
EndProject
Global
	GlobalSection(SolutionConfigurationPlatforms) = preSolution
		Ad-Hoc|Any CPU = Ad-Hoc|Any CPU
		Ad-Hoc|iPhone = Ad-Hoc|iPhone
		Ad-Hoc|iPhoneSimulator = Ad-Hoc|iPhoneSimulator
		AppStore|Any CPU = AppStore|Any CPU
		AppStore|iPhone = AppStore|iPhone
		AppStore|iPhoneSimulator = AppStore|iPhoneSimulator
		Debug|Any CPU = Debug|Any CPU
		Debug|iPhone = Debug|iPhone
		Debug|iPhoneSimulator = Debug|iPhoneSimulator
		Release|Any CPU = Release|Any CPU
		Release|iPhone = Release|iPhone
		Release|iPhoneSimulator = Release|iPhoneSimulator
	EndGlobalSection
	GlobalSection(ProjectConfigurationPlatforms) = postSolution
		{184E1134-1EBD-44BC-84BE-A14799C07B42}.Ad-Hoc|Any CPU.ActiveCfg = Release|Any CPU
		{184E1134-1EBD-44BC-84BE-A14799C07B42}.Ad-Hoc|Any CPU.Build.0 = Release|Any CPU
		{184E1134-1EBD-44BC-84BE-A14799C07B42}.Ad-Hoc|Any CPU.Deploy.0 = Release|Any CPU
		{184E1134-1EBD-44BC-84BE-A14799C07B42}.Ad-Hoc|iPhone.ActiveCfg = Release|Any CPU
		{184E1134-1EBD-44BC-84BE-A14799C07B42}.Ad-Hoc|iPhone.Build.0 = Release|Any CPU
		{184E1134-1EBD-44BC-84BE-A14799C07B42}.Ad-Hoc|iPhone.Deploy.0 = Release|Any CPU
		{184E1134-1EBD-44BC-84BE-A14799C07B42}.Ad-Hoc|iPhoneSimulator.ActiveCfg = Release|Any CPU
		{184E1134-1EBD-44BC-84BE-A14799C07B42}.Ad-Hoc|iPhoneSimulator.Build.0 = Release|Any CPU
		{184E1134-1EBD-44BC-84BE-A14799C07B42}.Ad-Hoc|iPhoneSimulator.Deploy.0 = Release|Any CPU
		{184E1134-1EBD-44BC-84BE-A14799C07B42}.AppStore|Any CPU.ActiveCfg = Release|Any CPU
		{184E1134-1EBD-44BC-84BE-A14799C07B42}.AppStore|Any CPU.Build.0 = Release|Any CPU
		{184E1134-1EBD-44BC-84BE-A14799C07B42}.AppStore|Any CPU.Deploy.0 = Release|Any CPU
		{184E1134-1EBD-44BC-84BE-A14799C07B42}.AppStore|iPhone.ActiveCfg = Release|Any CPU
		{184E1134-1EBD-44BC-84BE-A14799C07B42}.AppStore|iPhone.Build.0 = Release|Any CPU
		{184E1134-1EBD-44BC-84BE-A14799C07B42}.AppStore|iPhone.Deploy.0 = Release|Any CPU
		{184E1134-1EBD-44BC-84BE-A14799C07B42}.AppStore|iPhoneSimulator.ActiveCfg = Release|Any CPU
		{184E1134-1EBD-44BC-84BE-A14799C07B42}.AppStore|iPhoneSimulator.Build.0 = Release|Any CPU
		{184E1134-1EBD-44BC-84BE-A14799C07B42}.AppStore|iPhoneSimulator.Deploy.0 = Release|Any CPU
		{184E1134-1EBD-44BC-84BE-A14799C07B42}.Debug|Any CPU.ActiveCfg = Debug|Any CPU
		{184E1134-1EBD-44BC-84BE-A14799C07B42}.Debug|Any CPU.Build.0 = Debug|Any CPU
		{184E1134-1EBD-44BC-84BE-A14799C07B42}.Debug|Any CPU.Deploy.0 = Debug|Any CPU
		{184E1134-1EBD-44BC-84BE-A14799C07B42}.Debug|iPhone.ActiveCfg = Debug|Any CPU
		{184E1134-1EBD-44BC-84BE-A14799C07B42}.Debug|iPhone.Build.0 = Debug|Any CPU
		{184E1134-1EBD-44BC-84BE-A14799C07B42}.Debug|iPhone.Deploy.0 = Debug|Any CPU
		{184E1134-1EBD-44BC-84BE-A14799C07B42}.Debug|iPhoneSimulator.ActiveCfg = Debug|Any CPU
		{184E1134-1EBD-44BC-84BE-A14799C07B42}.Debug|iPhoneSimulator.Build.0 = Debug|Any CPU
		{184E1134-1EBD-44BC-84BE-A14799C07B42}.Debug|iPhoneSimulator.Deploy.0 = Debug|Any CPU
		{184E1134-1EBD-44BC-84BE-A14799C07B42}.Release|Any CPU.ActiveCfg = Release|Any CPU
		{184E1134-1EBD-44BC-84BE-A14799C07B42}.Release|Any CPU.Build.0 = Release|Any CPU
		{184E1134-1EBD-44BC-84BE-A14799C07B42}.Release|Any CPU.Deploy.0 = Release|Any CPU
		{184E1134-1EBD-44BC-84BE-A14799C07B42}.Release|iPhone.ActiveCfg = Release|Any CPU
		{184E1134-1EBD-44BC-84BE-A14799C07B42}.Release|iPhone.Build.0 = Release|Any CPU
		{184E1134-1EBD-44BC-84BE-A14799C07B42}.Release|iPhone.Deploy.0 = Release|Any CPU
		{184E1134-1EBD-44BC-84BE-A14799C07B42}.Release|iPhoneSimulator.ActiveCfg = Release|Any CPU
		{184E1134-1EBD-44BC-84BE-A14799C07B42}.Release|iPhoneSimulator.Build.0 = Release|Any CPU
		{184E1134-1EBD-44BC-84BE-A14799C07B42}.Release|iPhoneSimulator.Deploy.0 = Release|Any CPU
		{C7C9D2E9-44F9-44F6-9C0C-9AAAB2B3D249}.Ad-Hoc|Any CPU.ActiveCfg = Ad-Hoc|iPhone
		{C7C9D2E9-44F9-44F6-9C0C-9AAAB2B3D249}.Ad-Hoc|Any CPU.Build.0 = Ad-Hoc|iPhone
		{C7C9D2E9-44F9-44F6-9C0C-9AAAB2B3D249}.Ad-Hoc|Any CPU.Deploy.0 = Ad-Hoc|iPhone
		{C7C9D2E9-44F9-44F6-9C0C-9AAAB2B3D249}.Ad-Hoc|iPhone.ActiveCfg = Ad-Hoc|iPhone
		{C7C9D2E9-44F9-44F6-9C0C-9AAAB2B3D249}.Ad-Hoc|iPhone.Build.0 = Ad-Hoc|iPhone
		{C7C9D2E9-44F9-44F6-9C0C-9AAAB2B3D249}.Ad-Hoc|iPhone.Deploy.0 = Ad-Hoc|iPhone
		{C7C9D2E9-44F9-44F6-9C0C-9AAAB2B3D249}.Ad-Hoc|iPhoneSimulator.ActiveCfg = Ad-Hoc|iPhoneSimulator
		{C7C9D2E9-44F9-44F6-9C0C-9AAAB2B3D249}.Ad-Hoc|iPhoneSimulator.Build.0 = Ad-Hoc|iPhoneSimulator
		{C7C9D2E9-44F9-44F6-9C0C-9AAAB2B3D249}.Ad-Hoc|iPhoneSimulator.Deploy.0 = Ad-Hoc|iPhoneSimulator
		{C7C9D2E9-44F9-44F6-9C0C-9AAAB2B3D249}.AppStore|Any CPU.ActiveCfg = AppStore|iPhone
		{C7C9D2E9-44F9-44F6-9C0C-9AAAB2B3D249}.AppStore|Any CPU.Build.0 = AppStore|iPhone
		{C7C9D2E9-44F9-44F6-9C0C-9AAAB2B3D249}.AppStore|Any CPU.Deploy.0 = AppStore|iPhone
		{C7C9D2E9-44F9-44F6-9C0C-9AAAB2B3D249}.AppStore|iPhone.ActiveCfg = AppStore|iPhone
		{C7C9D2E9-44F9-44F6-9C0C-9AAAB2B3D249}.AppStore|iPhone.Build.0 = AppStore|iPhone
		{C7C9D2E9-44F9-44F6-9C0C-9AAAB2B3D249}.AppStore|iPhone.Deploy.0 = AppStore|iPhone
		{C7C9D2E9-44F9-44F6-9C0C-9AAAB2B3D249}.AppStore|iPhoneSimulator.ActiveCfg = AppStore|iPhoneSimulator
		{C7C9D2E9-44F9-44F6-9C0C-9AAAB2B3D249}.AppStore|iPhoneSimulator.Build.0 = AppStore|iPhoneSimulator
		{C7C9D2E9-44F9-44F6-9C0C-9AAAB2B3D249}.AppStore|iPhoneSimulator.Deploy.0 = AppStore|iPhoneSimulator
		{C7C9D2E9-44F9-44F6-9C0C-9AAAB2B3D249}.Debug|Any CPU.ActiveCfg = Debug|iPhoneSimulator
		{C7C9D2E9-44F9-44F6-9C0C-9AAAB2B3D249}.Debug|Any CPU.Build.0 = Debug|iPhoneSimulator
		{C7C9D2E9-44F9-44F6-9C0C-9AAAB2B3D249}.Debug|Any CPU.Deploy.0 = Debug|iPhoneSimulator
		{C7C9D2E9-44F9-44F6-9C0C-9AAAB2B3D249}.Debug|iPhone.ActiveCfg = Debug|iPhone
		{C7C9D2E9-44F9-44F6-9C0C-9AAAB2B3D249}.Debug|iPhone.Build.0 = Debug|iPhone
		{C7C9D2E9-44F9-44F6-9C0C-9AAAB2B3D249}.Debug|iPhone.Deploy.0 = Debug|iPhone
		{C7C9D2E9-44F9-44F6-9C0C-9AAAB2B3D249}.Debug|iPhoneSimulator.ActiveCfg = Debug|iPhoneSimulator
		{C7C9D2E9-44F9-44F6-9C0C-9AAAB2B3D249}.Debug|iPhoneSimulator.Build.0 = Debug|iPhoneSimulator
		{C7C9D2E9-44F9-44F6-9C0C-9AAAB2B3D249}.Debug|iPhoneSimulator.Deploy.0 = Debug|iPhoneSimulator
		{C7C9D2E9-44F9-44F6-9C0C-9AAAB2B3D249}.Release|Any CPU.ActiveCfg = Release|iPhone
		{C7C9D2E9-44F9-44F6-9C0C-9AAAB2B3D249}.Release|Any CPU.Build.0 = Release|iPhone
		{C7C9D2E9-44F9-44F6-9C0C-9AAAB2B3D249}.Release|Any CPU.Deploy.0 = Release|iPhone
		{C7C9D2E9-44F9-44F6-9C0C-9AAAB2B3D249}.Release|iPhone.ActiveCfg = Release|iPhone
		{C7C9D2E9-44F9-44F6-9C0C-9AAAB2B3D249}.Release|iPhone.Build.0 = Release|iPhone
		{C7C9D2E9-44F9-44F6-9C0C-9AAAB2B3D249}.Release|iPhone.Deploy.0 = Release|iPhone
		{C7C9D2E9-44F9-44F6-9C0C-9AAAB2B3D249}.Release|iPhoneSimulator.ActiveCfg = Release|iPhoneSimulator
		{C7C9D2E9-44F9-44F6-9C0C-9AAAB2B3D249}.Release|iPhoneSimulator.Build.0 = Release|iPhoneSimulator
		{C7C9D2E9-44F9-44F6-9C0C-9AAAB2B3D249}.Release|iPhoneSimulator.Deploy.0 = Release|iPhoneSimulator
		{BBAA6F92-7688-439E-91D2-149C2499F008}.Ad-Hoc|Any CPU.ActiveCfg = Debug|Any CPU
		{BBAA6F92-7688-439E-91D2-149C2499F008}.Ad-Hoc|Any CPU.Build.0 = Debug|Any CPU
		{BBAA6F92-7688-439E-91D2-149C2499F008}.Ad-Hoc|Any CPU.Deploy.0 = Debug|Any CPU
		{BBAA6F92-7688-439E-91D2-149C2499F008}.Ad-Hoc|iPhone.ActiveCfg = Debug|Any CPU
		{BBAA6F92-7688-439E-91D2-149C2499F008}.Ad-Hoc|iPhone.Build.0 = Debug|Any CPU
		{BBAA6F92-7688-439E-91D2-149C2499F008}.Ad-Hoc|iPhone.Deploy.0 = Debug|Any CPU
		{BBAA6F92-7688-439E-91D2-149C2499F008}.Ad-Hoc|iPhoneSimulator.ActiveCfg = Debug|Any CPU
		{BBAA6F92-7688-439E-91D2-149C2499F008}.Ad-Hoc|iPhoneSimulator.Build.0 = Debug|Any CPU
		{BBAA6F92-7688-439E-91D2-149C2499F008}.Ad-Hoc|iPhoneSimulator.Deploy.0 = Debug|Any CPU
		{BBAA6F92-7688-439E-91D2-149C2499F008}.AppStore|Any CPU.ActiveCfg = Debug|Any CPU
		{BBAA6F92-7688-439E-91D2-149C2499F008}.AppStore|Any CPU.Build.0 = Debug|Any CPU
		{BBAA6F92-7688-439E-91D2-149C2499F008}.AppStore|Any CPU.Deploy.0 = Debug|Any CPU
		{BBAA6F92-7688-439E-91D2-149C2499F008}.AppStore|iPhone.ActiveCfg = Debug|Any CPU
		{BBAA6F92-7688-439E-91D2-149C2499F008}.AppStore|iPhone.Build.0 = Debug|Any CPU
		{BBAA6F92-7688-439E-91D2-149C2499F008}.AppStore|iPhone.Deploy.0 = Debug|Any CPU
		{BBAA6F92-7688-439E-91D2-149C2499F008}.AppStore|iPhoneSimulator.ActiveCfg = Debug|Any CPU
		{BBAA6F92-7688-439E-91D2-149C2499F008}.AppStore|iPhoneSimulator.Build.0 = Debug|Any CPU
		{BBAA6F92-7688-439E-91D2-149C2499F008}.AppStore|iPhoneSimulator.Deploy.0 = Debug|Any CPU
		{BBAA6F92-7688-439E-91D2-149C2499F008}.Debug|Any CPU.ActiveCfg = Debug|Any CPU
		{BBAA6F92-7688-439E-91D2-149C2499F008}.Debug|Any CPU.Build.0 = Debug|Any CPU
		{BBAA6F92-7688-439E-91D2-149C2499F008}.Debug|Any CPU.Deploy.0 = Debug|Any CPU
		{BBAA6F92-7688-439E-91D2-149C2499F008}.Debug|iPhone.ActiveCfg = Debug|Any CPU
		{BBAA6F92-7688-439E-91D2-149C2499F008}.Debug|iPhone.Build.0 = Debug|Any CPU
		{BBAA6F92-7688-439E-91D2-149C2499F008}.Debug|iPhone.Deploy.0 = Debug|Any CPU
		{BBAA6F92-7688-439E-91D2-149C2499F008}.Debug|iPhoneSimulator.ActiveCfg = Debug|Any CPU
		{BBAA6F92-7688-439E-91D2-149C2499F008}.Debug|iPhoneSimulator.Build.0 = Debug|Any CPU
		{BBAA6F92-7688-439E-91D2-149C2499F008}.Debug|iPhoneSimulator.Deploy.0 = Debug|Any CPU
		{BBAA6F92-7688-439E-91D2-149C2499F008}.Release|Any CPU.ActiveCfg = Release|Any CPU
		{BBAA6F92-7688-439E-91D2-149C2499F008}.Release|Any CPU.Build.0 = Release|Any CPU
		{BBAA6F92-7688-439E-91D2-149C2499F008}.Release|Any CPU.Deploy.0 = Release|Any CPU
		{BBAA6F92-7688-439E-91D2-149C2499F008}.Release|iPhone.ActiveCfg = Release|Any CPU
		{BBAA6F92-7688-439E-91D2-149C2499F008}.Release|iPhone.Build.0 = Release|Any CPU
		{BBAA6F92-7688-439E-91D2-149C2499F008}.Release|iPhone.Deploy.0 = Release|Any CPU
		{BBAA6F92-7688-439E-91D2-149C2499F008}.Release|iPhoneSimulator.ActiveCfg = Release|Any CPU
		{BBAA6F92-7688-439E-91D2-149C2499F008}.Release|iPhoneSimulator.Build.0 = Release|Any CPU
		{BBAA6F92-7688-439E-91D2-149C2499F008}.Release|iPhoneSimulator.Deploy.0 = Release|Any CPU
	EndGlobalSection
	GlobalSection(SolutionProperties) = preSolution
		HideSolutionNode = FALSE
	EndGlobalSection
	GlobalSection(ExtensibilityGlobals) = postSolution
		SolutionGuid = {8102D153-AEA2-498D-B482-4031C26F4D28}
	EndGlobalSection
EndGlobal
